github.com/yesnault/hid v0.0.0-20160401115550-aa3bb59d4461 h1:mLxwZBdrVKzK2NubToKeyWjPOUPyyGIJTmK623+yufY=
github.com/yesnault/hid v0.0.0-20160401115550-aa3bb59d4461/go.mod h1:0xZaKwbxkgEFxKHgBBtVlK/ca6Xjgzr9J1uQvRH5cwM=
golang.org/x/image v0.40.0 h1:Tw4GyDXMo+daZN1znreBRC3VayR1aLFUyUEOLUdW1a8=
golang.org/x/image v0.40.0/go.mod h1:uIc348UZMSvS5Z65CVZ7iDPaNobNFEPeJ4kbqTOszmA=
